
Microsoft Visual Studio Solution File, Format Version 12.00
# Visual Studio 15
Project("{FAE04EC0-301F-11D3-BF4B-00C04F79EFBC}") = "mvc", "mvc\mvc.csproj", "{CEE1CB22-9A35-4B13-9171-536754234574}"
EndProject
Project("{FAE04EC0-301F-11D3-BF4B-00C04F79EFBC}") = "mvc.Tests", "mvc.Tests\mvc.Tests.csproj", "{0DF86B7A-6A7E-4F5B-BAE9-4D81C1CE48E2}"
EndProject
Global
	GlobalSection(SolutionConfigurationPlatforms) = preSolution
		Debug|Any CPU = Debug|Any CPU
		Release|Any CPU = Release|Any CPU
	EndGlobalSection
	GlobalSection(ProjectConfigurationPlatforms) = postSolution
		{CEE1CB22-9A35-4B13-9171-536754234574}.Debug|Any CPU.ActiveCfg = Debug|Any CPU
		{CEE1CB22-9A35-4B13-9171-536754234574}.Debug|Any CPU.Build.0 = Debug|Any CPU
		{CEE1CB22-9A35-4B13-9171-536754234574}.Release|Any CPU.ActiveCfg = Release|Any CPU
		{CEE1CB22-9A35-4B13-9171-536754234574}.Release|Any CPU.Build.0 = Release|Any CPU
		{0DF86B7A-6A7E-4F5B-BAE9-4D81C1CE48E2}.Debug|Any CPU.ActiveCfg = Debug|Any CPU
		{0DF86B7A-6A7E-4F5B-BAE9-4D81C1CE48E2}.Debug|Any CPU.Build.0 = Debug|Any CPU
		{0DF86B7A-6A7E-4F5B-BAE9-4D81C1CE48E2}.Release|Any CPU.ActiveCfg = Release|Any CPU
		{0DF86B7A-6A7E-4F5B-BAE9-4D81C1CE48E2}.Release|Any CPU.Build.0 = Release|Any CPU
	EndGlobalSection
EndGlobal
